
Microsoft Visual Studio Solution File, Format Version 12.00
# Visual Studio Version 17
VisualStudioVersion = 17.1.32414.318
MinimumVisualStudioVersion = 10.0.40219.1
Project("{FAE04EC0-301F-11D3-BF4B-00C04F79EFBC}") = "ToDoLy", "ToDoLy.csproj", "{3C3FBCB9-3E23-457B-8D12-66362C2BC4E8}"
EndProject
Global
	GlobalSection(SolutionConfigurationPlatforms) = preSolution
		Debug|Any CPU = Debug|Any CPU
		Release|Any CPU = Release|Any CPU
	EndGlobalSection
	GlobalSection(ProjectConfigurationPlatforms) = postSolution
		{3C3FBCB9-3E23-457B-8D12-66362C2BC4E8}.Debug|Any CPU.ActiveCfg = Debug|Any CPU
		{3C3FBCB9-3E23-457B-8D12-66362C2BC4E8}.Debug|Any CPU.Build.0 = Debug|Any CPU
		{3C3FBCB9-3E23-457B-8D12-66362C2BC4E8}.Release|Any CPU.ActiveCfg = Release|Any CPU
		{3C3FBCB9-3E23-457B-8D12-66362C2BC4E8}.Release|Any CPU.Build.0 = Release|Any CPU
	EndGlobalSection
	GlobalSection(SolutionProperties) = preSolution
		HideSolutionNode = FALSE
	EndGlobalSection
	GlobalSection(ExtensibilityGlobals) = postSolution
		SolutionGuid = {65F43EA9-0167-486D-B062-D9B4E8EF8480}
	EndGlobalSection
EndGlobal
